
Microsoft Visual Studio Solution File, Format Version 12.00
# Visual Studio Version 17
VisualStudioVersion = 17.8.34408.163
MinimumVisualStudioVersion = 10.0.40219.1
Project("{9A19103F-16F7-4668-BE54-9A1E7A4F7556}") = "UniversityBookingProject", "UniversityBookingProject\UniversityBookingProject.csproj", "{D2CE361F-3A38-428F-94BD-27207B01E44B}"
EndProject
Project("{FAE04EC0-301F-11D3-BF4B-00C04F79EFBC}") = "AuctionAPI", "AuctionAPI\AuctionAPI.csproj", "{6E5CA586-1C59-4164-980E-D2F85F900696}"
EndProject
Global
	GlobalSection(SolutionConfigurationPlatforms) = preSolution
		Debug|Any CPU = Debug|Any CPU
		Release|Any CPU = Release|Any CPU
	EndGlobalSection
	GlobalSection(ProjectConfigurationPlatforms) = postSolution
		{D2CE361F-3A38-428F-94BD-27207B01E44B}.Debug|Any CPU.ActiveCfg = Debug|Any CPU
		{D2CE361F-3A38-428F-94BD-27207B01E44B}.Debug|Any CPU.Build.0 = Debug|Any CPU
		{D2CE361F-3A38-428F-94BD-27207B01E44B}.Release|Any CPU.ActiveCfg = Release|Any CPU
		{D2CE361F-3A38-428F-94BD-27207B01E44B}.Release|Any CPU.Build.0 = Release|Any CPU
		{6E5CA586-1C59-4164-980E-D2F85F900696}.Debug|Any CPU.ActiveCfg = Debug|Any CPU
		{6E5CA586-1C59-4164-980E-D2F85F900696}.Debug|Any CPU.Build.0 = Debug|Any CPU
		{6E5CA586-1C59-4164-980E-D2F85F900696}.Release|Any CPU.ActiveCfg = Release|Any CPU
		{6E5CA586-1C59-4164-980E-D2F85F900696}.Release|Any CPU.Build.0 = Release|Any CPU
	EndGlobalSection
	GlobalSection(SolutionProperties) = preSolution
		HideSolutionNode = FALSE
	EndGlobalSection
	GlobalSection(ExtensibilityGlobals) = postSolution
		SolutionGuid = {DF49EDC6-9792-4F78-8C4F-3C46EC64D61E}
	EndGlobalSection
EndGlobal
